// !$*UTF8*$!
{
	archiveVersion = 1;
	classes = {
	};
	objectVersion = 54;
	objects = {

/* Begin PBXBuildFile section */
		B116A61C27327461007FE2A7 /* main.cpp in Sources */ = {isa = PBXBuildFile; fileRef = B116A61B27327460007FE2A7 /* main.cpp */; };
		B1ECDC1F26130BDE00EAC0A3 /* lib4ddat_to_admf.a in Frameworks */ = {isa = PBXBuildFile; fileRef = B1B64415260D6D6F00CADA90 /* lib4ddat_to_admf.a */; };
		B1F0411F268D629D0073DC6C /* libexportadmf.a in Frameworks */ = {isa = PBXBuildFile; fileRef = B1F0411E268D628E0073DC6C /* libexportadmf.a */; };
/* End PBXBuildFile section */

/* Begin PBXContainerItemProxy section */
		B1B64414260D6D6F00CADA90 /* PBXContainerItemProxy */ = {
			isa = PBXContainerItemProxy;
			containerPortal = B1B6440F260D6D6F00CADA90 /* 4ddat_to_admf.xcodeproj */;
			proxyType = 2;
			remoteGlobalIDString = B13E69F4260C744C002BEB0A;
			remoteInfo = 4ddat_to_admf;
		};
		B1ECDC2026130BE800EAC0A3 /* PBXContainerItemProxy */ = {
			isa = PBXContainerItemProxy;
			containerPortal = B1B6440F260D6D6F00CADA90 /* 4ddat_to_admf.xcodeproj */;
			proxyType = 1;
			remoteGlobalIDString = B13E69F3260C744C002BEB0A;
			remoteInfo = 4ddat_to_admf;
		};
		B1F0411D268D628E0073DC6C /* PBXContainerItemProxy */ = {
			isa = PBXContainerItemProxy;
			containerPortal = B1F04119268D628E0073DC6C /* exportadmf.xcodeproj */;
			proxyType = 2;
			remoteGlobalIDString = B165411E268D529B00D6F168;
			remoteInfo = exportadmf;
		};
		B1F04131268D67D30073DC6C /* PBXContainerItemProxy */ = {
			isa = PBXContainerItemProxy;
			containerPortal = B1F04119268D628E0073DC6C /* exportadmf.xcodeproj */;
			proxyType = 1;
			remoteGlobalIDString = B13E69F3260C744C002BEB0A;
			remoteInfo = exportadmf;
		};
/* End PBXContainerItemProxy section */

/* Begin PBXCopyFilesBuildPhase section */
		B1B64402260D6D5300CADA90 /* CopyFiles */ = {
			isa = PBXCopyFilesBuildPhase;
			buildActionMask = 2147483647;
			dstPath = /usr/share/man/man1/;
			dstSubfolderSpec = 0;
			files = (
			);
			runOnlyForDeploymentPostprocessing = 1;
		};
/* End PBXCopyFilesBuildPhase section */

/* Begin PBXFileReference section */
		B116A61B27327460007FE2A7 /* main.cpp */ = {isa = PBXFileReference; fileEncoding = 4; lastKnownFileType = sourcecode.cpp.cpp; name = main.cpp; path = ../../../src/main.cpp; sourceTree = "<group>"; };
		B18A242D2700ABFA00005B91 /* OpenCL.framework */ = {isa = PBXFileReference; lastKnownFileType = wrapper.framework; name = OpenCL.framework; path = System/Library/Frameworks/OpenCL.framework; sourceTree = SDKROOT; };
		B18A242F2700AC1C00005B91 /* OpenGL.framework */ = {isa = PBXFileReference; lastKnownFileType = wrapper.framework; name = OpenGL.framework; path = System/Library/Frameworks/OpenGL.framework; sourceTree = SDKROOT; };
		B1B64404260D6D5300CADA90 /* 4ddat2admfTest */ = {isa = PBXFileReference; explicitFileType = "compiled.mach-o.executable"; includeInIndex = 0; path = 4ddat2admfTest; sourceTree = BUILT_PRODUCTS_DIR; };
		B1B6440F260D6D6F00CADA90 /* 4ddat_to_admf.xcodeproj */ = {isa = PBXFileReference; lastKnownFileType = "wrapper.pb-project"; name = 4ddat_to_admf.xcodeproj; path = ../4ddat_to_admf.xcodeproj; sourceTree = "<group>"; };
		B1F04119268D628E0073DC6C /* exportadmf.xcodeproj */ = {isa = PBXFileReference; lastKnownFileType = "wrapper.pb-project"; name = exportadmf.xcodeproj; path = ../../../../exportadmf/project/macos/exportadmf.xcodeproj; sourceTree = "<group>"; };
/* End PBXFileReference section */

/* Begin PBXFrameworksBuildPhase section */
		B1B64401260D6D5300CADA90 /* Frameworks */ = {
			isa = PBXFrameworksBuildPhase;
			buildActionMask = 2147483647;
			files = (
				B1F0411F268D629D0073DC6C /* libexportadmf.a in Frameworks */,
				B1ECDC1F26130BDE00EAC0A3 /* lib4ddat_to_admf.a in Frameworks */,
			);
			runOnlyForDeploymentPostprocessing = 0;
		};
/* End PBXFrameworksBuildPhase section */

/* Begin PBXGroup section */
		B193CF63260D853000593CA3 /* Frameworks */ = {
			isa = PBXGroup;
			children = (
				B18A242F2700AC1C00005B91 /* OpenGL.framework */,
				B18A242D2700ABFA00005B91 /* OpenCL.framework */,
			);
			name = Frameworks;
			sourceTree = "<group>";
		};
		B1B643FB260D6D5300CADA90 = {
			isa = PBXGroup;
			children = (
				B116A61B27327460007FE2A7 /* main.cpp */,
				B1F04119268D628E0073DC6C /* exportadmf.xcodeproj */,
				B1B6440F260D6D6F00CADA90 /* 4ddat_to_admf.xcodeproj */,
				B1B64405260D6D5300CADA90 /* Products */,
				B193CF63260D853000593CA3 /* Frameworks */,
			);
			sourceTree = "<group>";
		};
		B1B64405260D6D5300CADA90 /* Products */ = {
			isa = PBXGroup;
			children = (
				B1B64404260D6D5300CADA90 /* 4ddat2admfTest */,
			);
			name = Products;
			sourceTree = "<group>";
		};
		B1B64410260D6D6F00CADA90 /* Products */ = {
			isa = PBXGroup;
			children = (
				B1B64415260D6D6F00CADA90 /* lib4ddat_to_admf.a */,
			);
			name = Products;
			sourceTree = "<group>";
		};
		B1F0411A268D628E0073DC6C /* Products */ = {
			isa = PBXGroup;
			children = (
				B1F0411E268D628E0073DC6C /* libexportadmf.a */,
			);
			name = Products;
			sourceTree = "<group>";
		};
/* End PBXGroup section */

/* Begin PBXNativeTarget section */
		B1B64403260D6D5300CADA90 /* 4ddat2admfTest */ = {
			isa = PBXNativeTarget;
			buildConfigurationList = B1B6440B260D6D5300CADA90 /* Build configuration list for PBXNativeTarget "4ddat2admfTest" */;
			buildPhases = (
				B1B64400260D6D5300CADA90 /* Sources */,
				B1B64401260D6D5300CADA90 /* Frameworks */,
				B1B64402260D6D5300CADA90 /* CopyFiles */,
				B1BDEFE326CFA1A50079832D /* ShellScript */,
			);
			buildRules = (
			);
			dependencies = (
				B1F04132268D67D30073DC6C /* PBXTargetDependency */,
				B1ECDC2126130BE800EAC0A3 /* PBXTargetDependency */,
			);
			name = 4ddat2admfTest;
			productName = 4ddat2admfTest;
			productReference = B1B64404260D6D5300CADA90 /* 4ddat2admfTest */;
			productType = "com.apple.product-type.tool";
		};
/* End PBXNativeTarget section */

/* Begin PBXProject section */
		B1B643FC260D6D5300CADA90 /* Project object */ = {
			isa = PBXProject;
			attributes = {
				LastUpgradeCheck = 1300;
				TargetAttributes = {
					B1B64403260D6D5300CADA90 = {
						CreatedOnToolsVersion = 12.4;
					};
				};
			};
			buildConfigurationList = B1B643FF260D6D5300CADA90 /* Build configuration list for PBXProject "4ddat2admfTest" */;
			compatibilityVersion = "Xcode 9.3";
			developmentRegion = en;
			hasScannedForEncodings = 0;
			knownRegions = (
				en,
				Base,
			);
			mainGroup = B1B643FB260D6D5300CADA90;
			productRefGroup = B1B64405260D6D5300CADA90 /* Products */;
			projectDirPath = "";
			projectReferences = (
				{
					ProductGroup = B1B64410260D6D6F00CADA90 /* Products */;
					ProjectRef = B1B6440F260D6D6F00CADA90 /* 4ddat_to_admf.xcodeproj */;
				},
				{
					ProductGroup = B1F0411A268D628E0073DC6C /* Products */;
					ProjectRef = B1F04119268D628E0073DC6C /* exportadmf.xcodeproj */;
				},
			);
			projectRoot = "";
			targets = (
				B1B64403260D6D5300CADA90 /* 4ddat2admfTest */,
			);
		};
/* End PBXProject section */

/* Begin PBXReferenceProxy section */
		B1B64415260D6D6F00CADA90 /* lib4ddat_to_admf.a */ = {
			isa = PBXReferenceProxy;
			fileType = archive.ar;
			path = lib4ddat_to_admf.a;
			remoteRef = B1B64414260D6D6F00CADA90 /* PBXContainerItemProxy */;
			sourceTree = BUILT_PRODUCTS_DIR;
		};
		B1F0411E268D628E0073DC6C /* libexportadmf.a */ = {
			isa = PBXReferenceProxy;
			fileType = archive.ar;
			path = libexportadmf.a;
			remoteRef = B1F0411D268D628E0073DC6C /* PBXContainerItemProxy */;
			sourceTree = BUILT_PRODUCTS_DIR;
		};
/* End PBXReferenceProxy section */

/* Begin PBXShellScriptBuildPhase section */
		B1BDEFE326CFA1A50079832D /* ShellScript */ = {
			isa = PBXShellScriptBuildPhase;
			alwaysOutOfDate = 1;
			buildActionMask = 2147483647;
			files = (
			);
			inputFileListPaths = (
			);
			inputPaths = (
			);
			outputFileListPaths = (
			);
			outputPaths = (
			);
			runOnlyForDeploymentPostprocessing = 0;
			shellPath = /bin/sh;
			shellScript = "# Type a script or drag a script file from your workspace to insert its path.\necho '123'\necho ${BUILT_PRODUCTS_DIR}\necho ${PRODUCT_NAME}\ncp ${BUILT_PRODUCTS_DIR}/${PRODUCT_NAME} '/Volumes/Data/temp/1'\n";
		};
/* End PBXShellScriptBuildPhase section */

/* Begin PBXSourcesBuildPhase section */
		B1B64400260D6D5300CADA90 /* Sources */ = {
			isa = PBXSourcesBuildPhase;
			buildActionMask = 2147483647;
			files = (
				B116A61C27327461007FE2A7 /* main.cpp in Sources */,
			);
			runOnlyForDeploymentPostprocessing = 0;
		};
/* End PBXSourcesBuildPhase section */

/* Begin PBXTargetDependency section */
		B1ECDC2126130BE800EAC0A3 /* PBXTargetDependency */ = {
			isa = PBXTargetDependency;
			name = 4ddat_to_admf;
			targetProxy = B1ECDC2026130BE800EAC0A3 /* PBXContainerItemProxy */;
		};
		B1F04132268D67D30073DC6C /* PBXTargetDependency */ = {
			isa = PBXTargetDependency;
			name = exportadmf;
			targetProxy = B1F04131268D67D30073DC6C /* PBXContainerItemProxy */;
		};
/* End PBXTargetDependency section */

/* Begin XCBuildConfiguration section */
		B1B64409260D6D5300CADA90 /* Debug */ = {
			isa = XCBuildConfiguration;
			buildSettings = {
				ALWAYS_SEARCH_USER_PATHS = NO;
				CLANG_ANALYZER_NONNULL = YES;
				CLANG_ANALYZER_NUMBER_OBJECT_CONVERSION = YES_AGGRESSIVE;
				CLANG_CXX_LANGUAGE_STANDARD = "gnu++14";
				CLANG_CXX_LIBRARY = "libc++";
				CLANG_ENABLE_MODULES = YES;
				CLANG_ENABLE_OBJC_ARC = YES;
				CLANG_ENABLE_OBJC_WEAK = YES;
				CLANG_WARN_BLOCK_CAPTURE_AUTORELEASING = YES;
				CLANG_WARN_BOOL_CONVERSION = YES;
				CLANG_WARN_COMMA = YES;
				CLANG_WARN_CONSTANT_CONVERSION = YES;
				CLANG_WARN_DEPRECATED_OBJC_IMPLEMENTATIONS = YES;
				CLANG_WARN_DIRECT_OBJC_ISA_USAGE = YES_ERROR;
				CLANG_WARN_DOCUMENTATION_COMMENTS = YES;
				CLANG_WARN_EMPTY_BODY = YES;
				CLANG_WARN_ENUM_CONVERSION = YES;
				CLANG_WARN_INFINITE_RECURSION = YES;
				CLANG_WARN_INT_CONVERSION = YES;
				CLANG_WARN_NON_LITERAL_NULL_CONVERSION = YES;
				CLANG_WARN_OBJC_IMPLICIT_RETAIN_SELF = YES;
				CLANG_WARN_OBJC_LITERAL_CONVERSION = YES;
				CLANG_WARN_OBJC_ROOT_CLASS = YES_ERROR;
				CLANG_WARN_QUOTED_INCLUDE_IN_FRAMEWORK_HEADER = YES;
				CLANG_WARN_RANGE_LOOP_ANALYSIS = YES;
				CLANG_WARN_STRICT_PROTOTYPES = YES;
				CLANG_WARN_SUSPICIOUS_MOVE = YES;
				CLANG_WARN_UNGUARDED_AVAILABILITY = YES_AGGRESSIVE;
				CLANG_WARN_UNREACHABLE_CODE = YES;
				CLANG_WARN__DUPLICATE_METHOD_MATCH = YES;
				COPY_PHASE_STRIP = NO;
				DEBUG_INFORMATION_FORMAT = dwarf;
				ENABLE_STRICT_OBJC_MSGSEND = YES;
				ENABLE_TESTABILITY = YES;
				EXCLUDED_ARCHS = arm64;
				GCC_C_LANGUAGE_STANDARD = gnu11;
				GCC_DYNAMIC_NO_PIC = NO;
				GCC_NO_COMMON_BLOCKS = YES;
				GCC_OPTIMIZATION_LEVEL = 0;
				GCC_PREPROCESSOR_DEFINITIONS = (
					"DEBUG=1",
					"$(inherited)",
				);
				GCC_WARN_64_TO_32_BIT_CONVERSION = YES;
				GCC_WARN_ABOUT_RETURN_TYPE = YES_ERROR;
				GCC_WARN_UNDECLARED_SELECTOR = YES;
				GCC_WARN_UNINITIALIZED_AUTOS = YES_AGGRESSIVE;
				GCC_WARN_UNUSED_FUNCTION = YES;
				GCC_WARN_UNUSED_VARIABLE = YES;
				MACOSX_DEPLOYMENT_TARGET = 11.1;
				MTL_ENABLE_DEBUG_INFO = INCLUDE_SOURCE;
				MTL_FAST_MATH = YES;
				ONLY_ACTIVE_ARCH = YES;
				SDKROOT = macosx;
			};
			name = Debug;
		};
		B1B6440A260D6D5300CADA90 /* Release */ = {
			isa = XCBuildConfiguration;
			buildSettings = {
				ALWAYS_SEARCH_USER_PATHS = NO;
				CLANG_ANALYZER_NONNULL = YES;
				CLANG_ANALYZER_NUMBER_OBJECT_CONVERSION = YES_AGGRESSIVE;
				CLANG_CXX_LANGUAGE_STANDARD = "gnu++14";
				CLANG_CXX_LIBRARY = "libc++";
				CLANG_ENABLE_MODULES = YES;
				CLANG_ENABLE_OBJC_ARC = YES;
				CLANG_ENABLE_OBJC_WEAK = YES;
				CLANG_WARN_BLOCK_CAPTURE_AUTORELEASING = YES;
				CLANG_WARN_BOOL_CONVERSION = YES;
				CLANG_WARN_COMMA = YES;
				CLANG_WARN_CONSTANT_CONVERSION = YES;
				CLANG_WARN_DEPRECATED_OBJC_IMPLEMENTATIONS = YES;
				CLANG_WARN_DIRECT_OBJC_ISA_USAGE = YES_ERROR;
				CLANG_WARN_DOCUMENTATION_COMMENTS = YES;
				CLANG_WARN_EMPTY_BODY = YES;
				CLANG_WARN_ENUM_CONVERSION = YES;
				CLANG_WARN_INFINITE_RECURSION = YES;
				CLANG_WARN_INT_CONVERSION = YES;
				CLANG_WARN_NON_LITERAL_NULL_CONVERSION = YES;
				CLANG_WARN_OBJC_IMPLICIT_RETAIN_SELF = YES;
				CLANG_WARN_OBJC_LITERAL_CONVERSION = YES;
				CLANG_WARN_OBJC_ROOT_CLASS = YES_ERROR;
				CLANG_WARN_QUOTED_INCLUDE_IN_FRAMEWORK_HEADER = YES;
				CLANG_WARN_RANGE_LOOP_ANALYSIS = YES;
				CLANG_WARN_STRICT_PROTOTYPES = YES;
				CLANG_WARN_SUSPICIOUS_MOVE = YES;
				CLANG_WARN_UNGUARDED_AVAILABILITY = YES_AGGRESSIVE;
				CLANG_WARN_UNREACHABLE_CODE = YES;
				CLANG_WARN__DUPLICATE_METHOD_MATCH = YES;
				COPY_PHASE_STRIP = NO;
				DEBUG_INFORMATION_FORMAT = "dwarf-with-dsym";
				ENABLE_NS_ASSERTIONS = NO;
				ENABLE_STRICT_OBJC_MSGSEND = YES;
				EXCLUDED_ARCHS = arm64;
				GCC_C_LANGUAGE_STANDARD = gnu11;
				GCC_NO_COMMON_BLOCKS = YES;
				GCC_WARN_64_TO_32_BIT_CONVERSION = YES;
				GCC_WARN_ABOUT_RETURN_TYPE = YES_ERROR;
				GCC_WARN_UNDECLARED_SELECTOR = YES;
				GCC_WARN_UNINITIALIZED_AUTOS = YES_AGGRESSIVE;
				GCC_WARN_UNUSED_FUNCTION = YES;
				GCC_WARN_UNUSED_VARIABLE = YES;
				MACOSX_DEPLOYMENT_TARGET = 11.1;
				MTL_ENABLE_DEBUG_INFO = NO;
				MTL_FAST_MATH = YES;
				ONLY_ACTIVE_ARCH = NO;
				SDKROOT = macosx;
			};
			name = Release;
		};
		B1B6440C260D6D5300CADA90 /* Debug */ = {
			isa = XCBuildConfiguration;
			buildSettings = {
				CODE_SIGN_IDENTITY = "-";
				CODE_SIGN_STYLE = Automatic;
				HEADER_SEARCH_PATHS = (
					"$(SRCROOT)/../../../src",
					"$(SRCROOT)/../../../../exportadmf/src",
					"$(SRCROOT)/../../../material_import/exportadmf/src",
					"$(SRCROOT)/../../../material_import/exportadmf/src",
				);
				HyperRenderPath = /Volumes/Data/plugin/hyperrender;
				LIBRARY_SEARCH_PATHS = (
					"$(inherited)",
					"$(PROJECT_DIR)",
				);
				OTHER_LDFLAGS = "";
				PRODUCT_NAME = "$(TARGET_NAME)";
			};
			name = Debug;
		};
		B1B6440D260D6D5300CADA90 /* Release */ = {
			isa = XCBuildConfiguration;
			buildSettings = {
				CODE_SIGN_IDENTITY = "-";
				CODE_SIGN_STYLE = Automatic;
				HEADER_SEARCH_PATHS = (
					"$(SRCROOT)/../../../src",
					"$(SRCROOT)/../../../../exportadmf/src",
					"$(SRCROOT)/../../../material_import/exportadmf/src",
					"$(SRCROOT)/../../../material_import/exportadmf/src",
				);
				HyperRenderPath = /Volumes/Data/plugin/hyperrender;
				LIBRARY_SEARCH_PATHS = (
					"$(inherited)",
					"$(PROJECT_DIR)",
				);
				OTHER_LDFLAGS = "";
				PRODUCT_NAME = "$(TARGET_NAME)";
			};
			name = Release;
		};
/* End XCBuildConfiguration section */

/* Begin XCConfigurationList section */
		B1B643FF260D6D5300CADA90 /* Build configuration list for PBXProject "4ddat2admfTest" */ = {
			isa = XCConfigurationList;
			buildConfigurations = (
				B1B64409260D6D5300CADA90 /* Debug */,
				B1B6440A260D6D5300CADA90 /* Release */,
			);
			defaultConfigurationIsVisible = 0;
			defaultConfigurationName = Release;
		};
		B1B6440B260D6D5300CADA90 /* Build configuration list for PBXNativeTarget "4ddat2admfTest" */ = {
			isa = XCConfigurationList;
			buildConfigurations = (
				B1B6440C260D6D5300CADA90 /* Debug */,
				B1B6440D260D6D5300CADA90 /* Release */,
			);
			defaultConfigurationIsVisible = 0;
			defaultConfigurationName = Release;
		};
/* End XCConfigurationList section */
	};
	rootObject = B1B643FC260D6D5300CADA90 /* Project object */;
}
