<?xml version="1.0" encoding="utf-8"?>
<Project ToolsVersion="4.0" xmlns="http://schemas.microsoft.com/developer/msbuild/2003">
  <ItemGroup>
    <Filter Include="3rd">
      <UniqueIdentifier>{176f3789-80e4-41a2-bb36-b2ddb7a02658}</UniqueIdentifier>
    </Filter>
    <Filter Include="3rd\bson">
      <UniqueIdentifier>{42663b0a-4891-4560-b93b-fa73cd02ba29}</UniqueIdentifier>
    </Filter>
    <Filter Include="3rd\encrypt">
      <UniqueIdentifier>{1049c606-ee4c-4e65-bd42-9cded6847bea}</UniqueIdentifier>
    </Filter>
    <Filter Include="3rd\jsonsl">
      <UniqueIdentifier>{4ada507f-0d19-478f-b89a-8f7418d70bd0}</UniqueIdentifier>
    </Filter>
    <Filter Include="3rd\ZipLib">
      <UniqueIdentifier>{270e0e3a-b433-4a93-a4c1-3b29de580632}</UniqueIdentifier>
    </Filter>
    <Filter Include="3rd\ZipLib\compression">
      <UniqueIdentifier>{9829b1a7-e8ae-486f-a610-b7a830c55044}</UniqueIdentifier>
    </Filter>
    <Filter Include="3rd\ZipLib\compression\deflate">
      <UniqueIdentifier>{5960230e-a89e-4c17-b44d-b02527bff45c}</UniqueIdentifier>
    </Filter>
    <Filter Include="3rd\ZipLib\compression\store">
      <UniqueIdentifier>{979b9d29-8971-4c5e-b3c1-c4e7e27c427c}</UniqueIdentifier>
    </Filter>
    <Filter Include="3rd\ZipLib\detail">
      <UniqueIdentifier>{a7c54bad-cce5-4c56-b8fc-95893749134f}</UniqueIdentifier>
    </Filter>
    <Filter Include="3rd\ZipLib\extlibs">
      <UniqueIdentifier>{b302265b-cfb9-4aef-8e7d-28cbe70dcb49}</UniqueIdentifier>
    </Filter>
    <Filter Include="3rd\ZipLib\extlibs\zlib">
      <UniqueIdentifier>{92442e3d-db1d-4cb6-94a5-1cb88750c09e}</UniqueIdentifier>
    </Filter>
    <Filter Include="3rd\ZipLib\methods">
      <UniqueIdentifier>{164887f4-8014-4f2e-86af-e40d3d710169}</UniqueIdentifier>
    </Filter>
    <Filter Include="3rd\ZipLib\streams">
      <UniqueIdentifier>{425988f3-a8bb-482d-8e2f-f59cdb4be514}</UniqueIdentifier>
    </Filter>
    <Filter Include="3rd\ZipLib\streams\streambuffs">
      <UniqueIdentifier>{c2afe50c-0e3d-49e8-8451-a468dc4f9614}</UniqueIdentifier>
    </Filter>
    <Filter Include="3rd\ZipLib\utils">
      <UniqueIdentifier>{87d78db3-17f6-4ea7-a24e-0445646cce01}</UniqueIdentifier>
    </Filter>
    <Filter Include="admfsdk">
      <UniqueIdentifier>{62a13f59-7fdf-4cda-a337-5c33fbed07b6}</UniqueIdentifier>
    </Filter>
    <Filter Include="admfsdk\interface">
      <UniqueIdentifier>{c7cc7d05-ee6f-49bf-bda6-d06a1bc98e6f}</UniqueIdentifier>
    </Filter>
    <Filter Include="admfsdk\internal">
      <UniqueIdentifier>{72eca489-5607-42c2-aa10-09fc53c712fb}</UniqueIdentifier>
    </Filter>
  </ItemGroup>
  <ItemGroup>
    <ClInclude Include="..\..\3rd\bson\b64_ntop.h">
      <Filter>3rd\bson</Filter>
    </ClInclude>
    <ClInclude Include="..\..\3rd\bson\b64_pton.h">
      <Filter>3rd\bson</Filter>
    </ClInclude>
    <ClInclude Include="..\..\3rd\bson\bcon.h">
      <Filter>3rd\bson</Filter>
    </ClInclude>
    <ClInclude Include="..\..\3rd\bson\bson.h">
      <Filter>3rd\bson</Filter>
    </ClInclude>
    <ClInclude Include="..\..\3rd\bson\bson-atomic.h">
      <Filter>3rd\bson</Filter>
    </ClInclude>
    <ClInclude Include="..\..\3rd\bson\bson-clock.h">
      <Filter>3rd\bson</Filter>
    </ClInclude>
    <ClInclude Include="..\..\3rd\bson\bson-compat.h">
      <Filter>3rd\bson</Filter>
    </ClInclude>
    <ClInclude Include="..\..\3rd\bson\bson-config.h">
      <Filter>3rd\bson</Filter>
    </ClInclude>
    <ClInclude Include="..\..\3rd\bson\bson-context.h">
      <Filter>3rd\bson</Filter>
    </ClInclude>
    <ClInclude Include="..\..\3rd\bson\bson-context-private.h">
      <Filter>3rd\bson</Filter>
    </ClInclude>
    <ClInclude Include="..\..\3rd\bson\bson-decimal128.h">
      <Filter>3rd\bson</Filter>
    </ClInclude>
    <ClInclude Include="..\..\3rd\bson\bson-endian.h">
      <Filter>3rd\bson</Filter>
    </ClInclude>
    <ClInclude Include="..\..\3rd\bson\bson-error.h">
      <Filter>3rd\bson</Filter>
    </ClInclude>
    <ClInclude Include="..\..\3rd\bson\bson-iso8601-private.h">
      <Filter>3rd\bson</Filter>
    </ClInclude>
    <ClInclude Include="..\..\3rd\bson\bson-iter.h">
      <Filter>3rd\bson</Filter>
    </ClInclude>
    <ClInclude Include="..\..\3rd\bson\bson-json.h">
      <Filter>3rd\bson</Filter>
    </ClInclude>
    <ClInclude Include="..\..\3rd\bson\bson-keys.h">
      <Filter>3rd\bson</Filter>
    </ClInclude>
    <ClInclude Include="..\..\3rd\bson\bson-macros.h">
      <Filter>3rd\bson</Filter>
    </ClInclude>
    <ClInclude Include="..\..\3rd\bson\bson-md5.h">
      <Filter>3rd\bson</Filter>
    </ClInclude>
    <ClInclude Include="..\..\3rd\bson\bson-memory.h">
      <Filter>3rd\bson</Filter>
    </ClInclude>
    <ClInclude Include="..\..\3rd\bson\bson-oid.h">
      <Filter>3rd\bson</Filter>
    </ClInclude>
    <ClInclude Include="..\..\3rd\bson\bson-private.h">
      <Filter>3rd\bson</Filter>
    </ClInclude>
    <ClInclude Include="..\..\3rd\bson\bson-reader.h">
      <Filter>3rd\bson</Filter>
    </ClInclude>
    <ClInclude Include="..\..\3rd\bson\bson-stdint.h">
      <Filter>3rd\bson</Filter>
    </ClInclude>
    <ClInclude Include="..\..\3rd\bson\bson-stdint-win32.h">
      <Filter>3rd\bson</Filter>
    </ClInclude>
    <ClInclude Include="..\..\3rd\bson\bson-string.h">
      <Filter>3rd\bson</Filter>
    </ClInclude>
    <ClInclude Include="..\..\3rd\bson\bson-thread-private.h">
      <Filter>3rd\bson</Filter>
    </ClInclude>
    <ClInclude Include="..\..\3rd\bson\bson-timegm-private.h">
      <Filter>3rd\bson</Filter>
    </ClInclude>
    <ClInclude Include="..\..\3rd\bson\bson-types.h">
      <Filter>3rd\bson</Filter>
    </ClInclude>
    <ClInclude Include="..\..\3rd\bson\bson-utf8.h">
      <Filter>3rd\bson</Filter>
    </ClInclude>
    <ClInclude Include="..\..\3rd\bson\bson-value.h">
      <Filter>3rd\bson</Filter>
    </ClInclude>
    <ClInclude Include="..\..\3rd\bson\bson-version.h">
      <Filter>3rd\bson</Filter>
    </ClInclude>
    <ClInclude Include="..\..\3rd\bson\bson-version-functions.h">
      <Filter>3rd\bson</Filter>
    </ClInclude>
    <ClInclude Include="..\..\3rd\bson\bson-writer.h">
      <Filter>3rd\bson</Filter>
    </ClInclude>
    <ClInclude Include="..\..\3rd\encrypt\base64.h">
      <Filter>3rd\encrypt</Filter>
    </ClInclude>
    <ClInclude Include="..\..\3rd\encrypt\render_helper.h">
      <Filter>3rd\encrypt</Filter>
    </ClInclude>
    <ClInclude Include="..\..\3rd\jsonsl\jsonsl.h">
      <Filter>3rd\jsonsl</Filter>
    </ClInclude>
    <ClInclude Include="..\..\3rd\ZipLib\ZipArchive.h">
      <Filter>3rd\ZipLib</Filter>
    </ClInclude>
    <ClInclude Include="..\..\3rd\ZipLib\ZipArchiveEntry.h">
      <Filter>3rd\ZipLib</Filter>
    </ClInclude>
    <ClInclude Include="..\..\3rd\ZipLib\ZipEnums.h">
      <Filter>3rd\ZipLib</Filter>
    </ClInclude>
    <ClInclude Include="..\..\3rd\ZipLib\ZipFile.h">
      <Filter>3rd\ZipLib</Filter>
    </ClInclude>
    <ClInclude Include="..\..\3rd\ZipLib\compression\compression_interface.h">
      <Filter>3rd\ZipLib\compression</Filter>
    </ClInclude>
    <ClInclude Include="..\..\3rd\ZipLib\compression\deflate\deflate_decoder.h">
      <Filter>3rd\ZipLib\compression\deflate</Filter>
    </ClInclude>
    <ClInclude Include="..\..\3rd\ZipLib\compression\deflate\deflate_decoder_properties.h">
      <Filter>3rd\ZipLib\compression\deflate</Filter>
    </ClInclude>
    <ClInclude Include="..\..\3rd\ZipLib\compression\deflate\deflate_encoder.h">
      <Filter>3rd\ZipLib\compression\deflate</Filter>
    </ClInclude>
    <ClInclude Include="..\..\3rd\ZipLib\compression\deflate\deflate_encoder_properties.h">
      <Filter>3rd\ZipLib\compression\deflate</Filter>
    </ClInclude>
    <ClInclude Include="..\..\3rd\ZipLib\compression\store\store_decoder.h">
      <Filter>3rd\ZipLib\compression\store</Filter>
    </ClInclude>
    <ClInclude Include="..\..\3rd\ZipLib\compression\store\store_decoder_properties.h">
      <Filter>3rd\ZipLib\compression\store</Filter>
    </ClInclude>
    <ClInclude Include="..\..\3rd\ZipLib\compression\store\store_encoder.h">
      <Filter>3rd\ZipLib\compression\store</Filter>
    </ClInclude>
    <ClInclude Include="..\..\3rd\ZipLib\compression\store\store_encoder_properties.h">
      <Filter>3rd\ZipLib\compression\store</Filter>
    </ClInclude>
    <ClInclude Include="..\..\3rd\ZipLib\detail\EndOfCentralDirectoryBlock.h">
      <Filter>3rd\ZipLib\detail</Filter>
    </ClInclude>
    <ClInclude Include="..\..\3rd\ZipLib\detail\ZipCentralDirectoryFileHeader.h">
      <Filter>3rd\ZipLib\detail</Filter>
    </ClInclude>
    <ClInclude Include="..\..\3rd\ZipLib\detail\ZipGenericExtraField.h">
      <Filter>3rd\ZipLib\detail</Filter>
    </ClInclude>
    <ClInclude Include="..\..\3rd\ZipLib\detail\ZipLocalFileHeader.h">
      <Filter>3rd\ZipLib\detail</Filter>
    </ClInclude>
    <ClInclude Include="..\..\3rd\ZipLib\extlibs\zlib\inffast.h">
      <Filter>3rd\ZipLib\extlibs\zlib</Filter>
    </ClInclude>
    <ClInclude Include="..\..\3rd\ZipLib\extlibs\zlib\inffixed.h">
      <Filter>3rd\ZipLib\extlibs\zlib</Filter>
    </ClInclude>
    <ClInclude Include="..\..\3rd\ZipLib\extlibs\zlib\inflate.h">
      <Filter>3rd\ZipLib\extlibs\zlib</Filter>
    </ClInclude>
    <ClInclude Include="..\..\3rd\ZipLib\extlibs\zlib\inftrees.h">
      <Filter>3rd\ZipLib\extlibs\zlib</Filter>
    </ClInclude>
    <ClInclude Include="..\..\3rd\ZipLib\extlibs\zlib\trees.h">
      <Filter>3rd\ZipLib\extlibs\zlib</Filter>
    </ClInclude>
    <ClInclude Include="..\..\3rd\ZipLib\extlibs\zlib\zconf.h">
      <Filter>3rd\ZipLib\extlibs\zlib</Filter>
    </ClInclude>
    <ClInclude Include="..\..\3rd\ZipLib\extlibs\zlib\zlib.h">
      <Filter>3rd\ZipLib\extlibs\zlib</Filter>
    </ClInclude>
    <ClInclude Include="..\..\3rd\ZipLib\extlibs\zlib\zutil.h">
      <Filter>3rd\ZipLib\extlibs\zlib</Filter>
    </ClInclude>
    <ClInclude Include="..\..\3rd\ZipLib\extlibs\zlib\crc32.h">
      <Filter>3rd\ZipLib\extlibs\zlib</Filter>
    </ClInclude>
    <ClInclude Include="..\..\3rd\ZipLib\extlibs\zlib\deflate.h">
      <Filter>3rd\ZipLib\extlibs\zlib</Filter>
    </ClInclude>
    <ClInclude Include="..\..\3rd\ZipLib\extlibs\zlib\gzguts.h">
      <Filter>3rd\ZipLib\extlibs\zlib</Filter>
    </ClInclude>
    <ClInclude Include="..\..\3rd\ZipLib\methods\ICompressionMethod.h">
      <Filter>3rd\ZipLib\methods</Filter>
    </ClInclude>
    <ClInclude Include="..\..\3rd\ZipLib\methods\StoreMethod.h">
      <Filter>3rd\ZipLib\methods</Filter>
    </ClInclude>
    <ClInclude Include="..\..\3rd\ZipLib\methods\ZipMethodResolver.h">
      <Filter>3rd\ZipLib\methods</Filter>
    </ClInclude>
    <ClInclude Include="..\..\3rd\ZipLib\methods\DeflateMethod.h">
      <Filter>3rd\ZipLib\methods</Filter>
    </ClInclude>
    <ClInclude Include="..\..\3rd\ZipLib\streams\compression_decoder_stream.h">
      <Filter>3rd\ZipLib\streams</Filter>
    </ClInclude>
    <ClInclude Include="..\..\3rd\ZipLib\streams\compression_encoder_stream.h">
      <Filter>3rd\ZipLib\streams</Filter>
    </ClInclude>
    <ClInclude Include="..\..\3rd\ZipLib\streams\crc32stream.h">
      <Filter>3rd\ZipLib\streams</Filter>
    </ClInclude>
    <ClInclude Include="..\..\3rd\ZipLib\streams\memstream.h">
      <Filter>3rd\ZipLib\streams</Filter>
    </ClInclude>
    <ClInclude Include="..\..\3rd\ZipLib\streams\nullstream.h">
      <Filter>3rd\ZipLib\streams</Filter>
    </ClInclude>
    <ClInclude Include="..\..\3rd\ZipLib\streams\serialization.h">
      <Filter>3rd\ZipLib\streams</Filter>
    </ClInclude>
    <ClInclude Include="..\..\3rd\ZipLib\streams\substream.h">
      <Filter>3rd\ZipLib\streams</Filter>
    </ClInclude>
    <ClInclude Include="..\..\3rd\ZipLib\streams\teestream.h">
      <Filter>3rd\ZipLib\streams</Filter>
    </ClInclude>
    <ClInclude Include="..\..\3rd\ZipLib\streams\zip_cryptostream.h">
      <Filter>3rd\ZipLib\streams</Filter>
    </ClInclude>
    <ClInclude Include="..\..\3rd\ZipLib\streams\streambuffs\compression_encoder_streambuf.h">
      <Filter>3rd\ZipLib\streams\streambuffs</Filter>
    </ClInclude>
    <ClInclude Include="..\..\3rd\ZipLib\streams\streambuffs\crc32_streambuf.h">
      <Filter>3rd\ZipLib\streams\streambuffs</Filter>
    </ClInclude>
    <ClInclude Include="..\..\3rd\ZipLib\streams\streambuffs\mem_streambuf.h">
      <Filter>3rd\ZipLib\streams\streambuffs</Filter>
    </ClInclude>
    <ClInclude Include="..\..\3rd\ZipLib\streams\streambuffs\null_streambuf.h">
      <Filter>3rd\ZipLib\streams\streambuffs</Filter>
    </ClInclude>
    <ClInclude Include="..\..\3rd\ZipLib\streams\streambuffs\sub_streambuf.h">
      <Filter>3rd\ZipLib\streams\streambuffs</Filter>
    </ClInclude>
    <ClInclude Include="..\..\3rd\ZipLib\streams\streambuffs\tee_streambuff.h">
      <Filter>3rd\ZipLib\streams\streambuffs</Filter>
    </ClInclude>
    <ClInclude Include="..\..\3rd\ZipLib\streams\streambuffs\zip_crypto_streambuf.h">
      <Filter>3rd\ZipLib\streams\streambuffs</Filter>
    </ClInclude>
    <ClInclude Include="..\..\3rd\ZipLib\streams\streambuffs\compression_decoder_streambuf.h">
      <Filter>3rd\ZipLib\streams\streambuffs</Filter>
    </ClInclude>
    <ClInclude Include="..\..\3rd\ZipLib\utils\enum_utils.h">
      <Filter>3rd\ZipLib\utils</Filter>
    </ClInclude>
    <ClInclude Include="..\..\3rd\ZipLib\utils\stream_utils.h">
      <Filter>3rd\ZipLib\utils</Filter>
    </ClInclude>
    <ClInclude Include="..\..\3rd\ZipLib\utils\time_utils.h">
      <Filter>3rd\ZipLib\utils</Filter>
    </ClInclude>
    <ClInclude Include="..\..\admfsdk\interface\admf_basecolordata.h">
      <Filter>admfsdk\interface</Filter>
    </ClInclude>
    <ClInclude Include="..\..\admfsdk\interface\admf_cpp.h">
      <Filter>admfsdk\interface</Filter>
    </ClInclude>
    <ClInclude Include="..\..\admfsdk\interface\admf_custom.h">
      <Filter>admfsdk\interface</Filter>
    </ClInclude>
    <ClInclude Include="..\..\admfsdk\interface\admf_geometry.h">
      <Filter>admfsdk\interface</Filter>
    </ClInclude>
    <ClInclude Include="..\..\admfsdk\interface\admf_main.h">
      <Filter>admfsdk\interface</Filter>
    </ClInclude>
    <ClInclude Include="..\..\admfsdk\interface\admf_material.h">
      <Filter>admfsdk\interface</Filter>
    </ClInclude>
    <ClInclude Include="..\..\admfsdk\interface\admf_materiallayer.h">
      <Filter>admfsdk\interface</Filter>
    </ClInclude>
    <ClInclude Include="..\..\admfsdk\interface\admf_physics.h">
      <Filter>admfsdk\interface</Filter>
    </ClInclude>
    <ClInclude Include="..\..\admfsdk\interface\admf_pipeline.h">
      <Filter>admfsdk\interface</Filter>
    </ClInclude>
    <ClInclude Include="..\..\admfsdk\interface\admf_base.h">
      <Filter>admfsdk\interface</Filter>
    </ClInclude>
    <ClInclude Include="..\..\admfsdk\internal\admf_custom_internal.h">
      <Filter>admfsdk\internal</Filter>
    </ClInclude>
    <ClInclude Include="..\..\admfsdk\internal\admf_geometry_internal.h">
      <Filter>admfsdk\internal</Filter>
    </ClInclude>
    <ClInclude Include="..\..\admfsdk\internal\admf_internal.h">
      <Filter>admfsdk\internal</Filter>
    </ClInclude>
    <ClInclude Include="..\..\admfsdk\internal\admf_internal_header.h">
      <Filter>admfsdk\internal</Filter>
    </ClInclude>
    <ClInclude Include="..\..\admfsdk\internal\admf_main_internal.h">
      <Filter>admfsdk\internal</Filter>
    </ClInclude>
    <ClInclude Include="..\..\admfsdk\internal\admf_material_internal.h">
      <Filter>admfsdk\internal</Filter>
    </ClInclude>
    <ClInclude Include="..\..\admfsdk\internal\admf_materiallayer_internal.h">
      <Filter>admfsdk\internal</Filter>
    </ClInclude>
    <ClInclude Include="..\..\admfsdk\internal\admf_physics_internal.h">
      <Filter>admfsdk\internal</Filter>
    </ClInclude>
    <ClInclude Include="..\..\admfsdk\internal\admf_pipeline_internal.h">
      <Filter>admfsdk\internal</Filter>
    </ClInclude>
    <ClInclude Include="..\..\admfsdk\internal\admf_base_internal.h">
      <Filter>admfsdk\internal</Filter>
    </ClInclude>
    <ClInclude Include="..\..\admfsdk\internal\admf_basecolordata_internal.h">
      <Filter>admfsdk\internal</Filter>
    </ClInclude>
  </ItemGroup>
  <ItemGroup>
    <ClCompile Include="..\..\3rd\bson\bcon.c">
      <Filter>3rd\bson</Filter>
    </ClCompile>
    <ClCompile Include="..\..\3rd\bson\bson.c">
      <Filter>3rd\bson</Filter>
    </ClCompile>
    <ClCompile Include="..\..\3rd\bson\bson-atomic.c">
      <Filter>3rd\bson</Filter>
    </ClCompile>
    <ClCompile Include="..\..\3rd\bson\bson-clock.c">
      <Filter>3rd\bson</Filter>
    </ClCompile>
    <ClCompile Include="..\..\3rd\bson\bson-context.c">
      <Filter>3rd\bson</Filter>
    </ClCompile>
    <ClCompile Include="..\..\3rd\bson\bson-decimal128.c">
      <Filter>3rd\bson</Filter>
    </ClCompile>
    <ClCompile Include="..\..\3rd\bson\bson-error.c">
      <Filter>3rd\bson</Filter>
    </ClCompile>
    <ClCompile Include="..\..\3rd\bson\bson-iso8601.c">
      <Filter>3rd\bson</Filter>
    </ClCompile>
    <ClCompile Include="..\..\3rd\bson\bson-iter.c">
      <Filter>3rd\bson</Filter>
    </ClCompile>
    <ClCompile Include="..\..\3rd\bson\bson-json.c">
      <Filter>3rd\bson</Filter>
    </ClCompile>
    <ClCompile Include="..\..\3rd\bson\bson-keys.c">
      <Filter>3rd\bson</Filter>
    </ClCompile>
    <ClCompile Include="..\..\3rd\bson\bson-md5.c">
      <Filter>3rd\bson</Filter>
    </ClCompile>
    <ClCompile Include="..\..\3rd\bson\bson-memory.c">
      <Filter>3rd\bson</Filter>
    </ClCompile>
    <ClCompile Include="..\..\3rd\bson\bson-oid.c">
      <Filter>3rd\bson</Filter>
    </ClCompile>
    <ClCompile Include="..\..\3rd\bson\bson-reader.c">
      <Filter>3rd\bson</Filter>
    </ClCompile>
    <ClCompile Include="..\..\3rd\bson\bson-string.c">
      <Filter>3rd\bson</Filter>
    </ClCompile>
    <ClCompile Include="..\..\3rd\bson\bson-timegm.c">
      <Filter>3rd\bson</Filter>
    </ClCompile>
    <ClCompile Include="..\..\3rd\bson\bson-utf8.c">
      <Filter>3rd\bson</Filter>
    </ClCompile>
    <ClCompile Include="..\..\3rd\bson\bson-value.c">
      <Filter>3rd\bson</Filter>
    </ClCompile>
    <ClCompile Include="..\..\3rd\bson\bson-version-functions.c">
      <Filter>3rd\bson</Filter>
    </ClCompile>
    <ClCompile Include="..\..\3rd\bson\bson-writer.c">
      <Filter>3rd\bson</Filter>
    </ClCompile>
    <ClCompile Include="..\..\3rd\encrypt\base64.cpp">
      <Filter>3rd\encrypt</Filter>
    </ClCompile>
    <ClCompile Include="..\..\3rd\encrypt\render_helper.cpp">
      <Filter>3rd\encrypt</Filter>
    </ClCompile>
    <ClCompile Include="..\..\3rd\jsonsl\jsonsl.c">
      <Filter>3rd\jsonsl</Filter>
    </ClCompile>
    <ClCompile Include="..\..\3rd\ZipLib\ZipArchive.cpp">
      <Filter>3rd\ZipLib</Filter>
    </ClCompile>
    <ClCompile Include="..\..\3rd\ZipLib\ZipArchiveEntry.cpp">
      <Filter>3rd\ZipLib</Filter>
    </ClCompile>
    <ClCompile Include="..\..\3rd\ZipLib\ZipFile.cpp">
      <Filter>3rd\ZipLib</Filter>
    </ClCompile>
    <ClCompile Include="..\..\3rd\ZipLib\detail\ZipCentralDirectoryFileHeader.cpp">
      <Filter>3rd\ZipLib\detail</Filter>
    </ClCompile>
    <ClCompile Include="..\..\3rd\ZipLib\detail\ZipGenericExtraField.cpp">
      <Filter>3rd\ZipLib\detail</Filter>
    </ClCompile>
    <ClCompile Include="..\..\3rd\ZipLib\detail\ZipLocalFileHeader.cpp">
      <Filter>3rd\ZipLib\detail</Filter>
    </ClCompile>
    <ClCompile Include="..\..\3rd\ZipLib\detail\EndOfCentralDirectoryBlock.cpp">
      <Filter>3rd\ZipLib\detail</Filter>
    </ClCompile>
    <ClCompile Include="..\..\3rd\ZipLib\extlibs\zlib\inflate.c">
      <Filter>3rd\ZipLib\extlibs\zlib</Filter>
    </ClCompile>
    <ClCompile Include="..\..\3rd\ZipLib\extlibs\zlib\inftrees.c">
      <Filter>3rd\ZipLib\extlibs\zlib</Filter>
    </ClCompile>
    <ClCompile Include="..\..\3rd\ZipLib\extlibs\zlib\trees.c">
      <Filter>3rd\ZipLib\extlibs\zlib</Filter>
    </ClCompile>
    <ClCompile Include="..\..\3rd\ZipLib\extlibs\zlib\uncompr.c">
      <Filter>3rd\ZipLib\extlibs\zlib</Filter>
    </ClCompile>
    <ClCompile Include="..\..\3rd\ZipLib\extlibs\zlib\zutil.c">
      <Filter>3rd\ZipLib\extlibs\zlib</Filter>
    </ClCompile>
    <ClCompile Include="..\..\3rd\ZipLib\extlibs\zlib\adler32.c">
      <Filter>3rd\ZipLib\extlibs\zlib</Filter>
    </ClCompile>
    <ClCompile Include="..\..\3rd\ZipLib\extlibs\zlib\compress.c">
      <Filter>3rd\ZipLib\extlibs\zlib</Filter>
    </ClCompile>
    <ClCompile Include="..\..\3rd\ZipLib\extlibs\zlib\crc32.c">
      <Filter>3rd\ZipLib\extlibs\zlib</Filter>
    </ClCompile>
    <ClCompile Include="..\..\3rd\ZipLib\extlibs\zlib\deflate.c">
      <Filter>3rd\ZipLib\extlibs\zlib</Filter>
    </ClCompile>
    <ClCompile Include="..\..\3rd\ZipLib\extlibs\zlib\infback.c">
      <Filter>3rd\ZipLib\extlibs\zlib</Filter>
    </ClCompile>
    <ClCompile Include="..\..\3rd\ZipLib\extlibs\zlib\inffast.c">
      <Filter>3rd\ZipLib\extlibs\zlib</Filter>
    </ClCompile>
    <ClCompile Include="..\..\admfsdk\internal\admf_custom_internal.cpp">
      <Filter>admfsdk\internal</Filter>
    </ClCompile>
    <ClCompile Include="..\..\admfsdk\internal\admf_geometry_internal.cpp">
      <Filter>admfsdk\internal</Filter>
    </ClCompile>
    <ClCompile Include="..\..\admfsdk\internal\admf_main_internal.cpp">
      <Filter>admfsdk\internal</Filter>
    </ClCompile>
    <ClCompile Include="..\..\admfsdk\internal\admf_material_internal.cpp">
      <Filter>admfsdk\internal</Filter>
    </ClCompile>
    <ClCompile Include="..\..\admfsdk\internal\admf_materiallayer_internal.cpp">
      <Filter>admfsdk\internal</Filter>
    </ClCompile>
    <ClCompile Include="..\..\admfsdk\internal\admf_physics_internal.cpp">
      <Filter>admfsdk\internal</Filter>
    </ClCompile>
    <ClCompile Include="..\..\admfsdk\internal\admf_pipeline_internal.cpp">
      <Filter>admfsdk\internal</Filter>
    </ClCompile>
    <ClCompile Include="..\..\admfsdk\internal\admf_base_internal.cpp">
      <Filter>admfsdk\internal</Filter>
    </ClCompile>
    <ClCompile Include="..\..\admfsdk\internal\admf_basecolordata_internal.cpp">
      <Filter>admfsdk\internal</Filter>
    </ClCompile>
  </ItemGroup>
</Project>