
Microsoft Visual Studio Solution File, Format Version 12.00
# Visual Studio Version 16
VisualStudioVersion = 16.0.31129.286
MinimumVisualStudioVersion = 10.0.40219.1
Project("{8BC9CEB8-8B4A-11D0-8D11-00A0C91BC942}") = "4ddat2admfTest", "4ddat2admfTest.vcxproj", "{58A3973B-5C40-4898-8D49-5851E4518619}"
EndProject
Project("{8BC9CEB8-8B4A-11D0-8D11-00A0C91BC942}") = "4Ddat", "..\..\..\..\..\..\..\hyperrender\Source\4Ddat\Linux\4Ddat.vcxproj", "{6C79F2F5-1426-4E4D-9529-27735469AE0D}"
EndProject
Project("{8BC9CEB8-8B4A-11D0-8D11-00A0C91BC942}") = "admfsdk", "..\..\..\..\..\project\linux\admfsdk.vcxproj", "{0DE26D23-E2DA-48BD-B4E0-59506C2C8C1F}"
EndProject
Project("{8BC9CEB8-8B4A-11D0-8D11-00A0C91BC942}") = "4ddat_to_admf", "..\4ddat_to_admf.vcxproj", "{C8AB1234-C1FF-40DB-8C60-E1212C6FBDB3}"
EndProject
Project("{8BC9CEB8-8B4A-11D0-8D11-00A0C91BC942}") = "changecolor", "..\..\..\..\changecolor\project\linux\changecolor.vcxproj", "{DDD27ECA-6691-4ADA-8C27-6B9B17469D99}"
EndProject
Project("{8BC9CEB8-8B4A-11D0-8D11-00A0C91BC942}") = "exportadmf", "..\..\..\..\exportadmf\project\linux\exportadmf.vcxproj", "{20D5DC1A-E366-4BFA-890E-DB59F1FBECAA}"
EndProject
Global
	GlobalSection(SolutionConfigurationPlatforms) = preSolution
		Debug|ARM = Debug|ARM
		Debug|ARM64 = Debug|ARM64
		Debug|x64 = Debug|x64
		Debug|x86 = Debug|x86
		Release|ARM = Release|ARM
		Release|ARM64 = Release|ARM64
		Release|x64 = Release|x64
		Release|x86 = Release|x86
	EndGlobalSection
	GlobalSection(ProjectConfigurationPlatforms) = postSolution
		{58A3973B-5C40-4898-8D49-5851E4518619}.Debug|ARM.ActiveCfg = Debug|ARM
		{58A3973B-5C40-4898-8D49-5851E4518619}.Debug|ARM.Build.0 = Debug|ARM
		{58A3973B-5C40-4898-8D49-5851E4518619}.Debug|ARM.Deploy.0 = Debug|ARM
		{58A3973B-5C40-4898-8D49-5851E4518619}.Debug|ARM64.ActiveCfg = Debug|ARM64
		{58A3973B-5C40-4898-8D49-5851E4518619}.Debug|ARM64.Build.0 = Debug|ARM64
		{58A3973B-5C40-4898-8D49-5851E4518619}.Debug|ARM64.Deploy.0 = Debug|ARM64
		{58A3973B-5C40-4898-8D49-5851E4518619}.Debug|x64.ActiveCfg = Debug|x64
		{58A3973B-5C40-4898-8D49-5851E4518619}.Debug|x64.Build.0 = Debug|x64
		{58A3973B-5C40-4898-8D49-5851E4518619}.Debug|x64.Deploy.0 = Debug|x64
		{58A3973B-5C40-4898-8D49-5851E4518619}.Debug|x86.ActiveCfg = Debug|x86
		{58A3973B-5C40-4898-8D49-5851E4518619}.Debug|x86.Build.0 = Debug|x86
		{58A3973B-5C40-4898-8D49-5851E4518619}.Debug|x86.Deploy.0 = Debug|x86
		{58A3973B-5C40-4898-8D49-5851E4518619}.Release|ARM.ActiveCfg = Release|ARM
		{58A3973B-5C40-4898-8D49-5851E4518619}.Release|ARM.Build.0 = Release|ARM
		{58A3973B-5C40-4898-8D49-5851E4518619}.Release|ARM.Deploy.0 = Release|ARM
		{58A3973B-5C40-4898-8D49-5851E4518619}.Release|ARM64.ActiveCfg = Release|ARM64
		{58A3973B-5C40-4898-8D49-5851E4518619}.Release|ARM64.Build.0 = Release|ARM64
		{58A3973B-5C40-4898-8D49-5851E4518619}.Release|ARM64.Deploy.0 = Release|ARM64
		{58A3973B-5C40-4898-8D49-5851E4518619}.Release|x64.ActiveCfg = Release|x64
		{58A3973B-5C40-4898-8D49-5851E4518619}.Release|x64.Build.0 = Release|x64
		{58A3973B-5C40-4898-8D49-5851E4518619}.Release|x64.Deploy.0 = Release|x64
		{58A3973B-5C40-4898-8D49-5851E4518619}.Release|x86.ActiveCfg = Release|x86
		{58A3973B-5C40-4898-8D49-5851E4518619}.Release|x86.Build.0 = Release|x86
		{58A3973B-5C40-4898-8D49-5851E4518619}.Release|x86.Deploy.0 = Release|x86
		{6C79F2F5-1426-4E4D-9529-27735469AE0D}.Debug|ARM.ActiveCfg = Debug|ARM
		{6C79F2F5-1426-4E4D-9529-27735469AE0D}.Debug|ARM.Build.0 = Debug|ARM
		{6C79F2F5-1426-4E4D-9529-27735469AE0D}.Debug|ARM.Deploy.0 = Debug|ARM
		{6C79F2F5-1426-4E4D-9529-27735469AE0D}.Debug|ARM64.ActiveCfg = Debug|ARM64
		{6C79F2F5-1426-4E4D-9529-27735469AE0D}.Debug|ARM64.Build.0 = Debug|ARM64
		{6C79F2F5-1426-4E4D-9529-27735469AE0D}.Debug|ARM64.Deploy.0 = Debug|ARM64
		{6C79F2F5-1426-4E4D-9529-27735469AE0D}.Debug|x64.ActiveCfg = Debug|x64
		{6C79F2F5-1426-4E4D-9529-27735469AE0D}.Debug|x64.Build.0 = Debug|x64
		{6C79F2F5-1426-4E4D-9529-27735469AE0D}.Debug|x64.Deploy.0 = Debug|x64
		{6C79F2F5-1426-4E4D-9529-27735469AE0D}.Debug|x86.ActiveCfg = Debug|x86
		{6C79F2F5-1426-4E4D-9529-27735469AE0D}.Debug|x86.Build.0 = Debug|x86
		{6C79F2F5-1426-4E4D-9529-27735469AE0D}.Debug|x86.Deploy.0 = Debug|x86
		{6C79F2F5-1426-4E4D-9529-27735469AE0D}.Release|ARM.ActiveCfg = Release|ARM
		{6C79F2F5-1426-4E4D-9529-27735469AE0D}.Release|ARM.Build.0 = Release|ARM
		{6C79F2F5-1426-4E4D-9529-27735469AE0D}.Release|ARM.Deploy.0 = Release|ARM
		{6C79F2F5-1426-4E4D-9529-27735469AE0D}.Release|ARM64.ActiveCfg = Release|ARM64
		{6C79F2F5-1426-4E4D-9529-27735469AE0D}.Release|ARM64.Build.0 = Release|ARM64
		{6C79F2F5-1426-4E4D-9529-27735469AE0D}.Release|ARM64.Deploy.0 = Release|ARM64
		{6C79F2F5-1426-4E4D-9529-27735469AE0D}.Release|x64.ActiveCfg = Release|x64
		{6C79F2F5-1426-4E4D-9529-27735469AE0D}.Release|x64.Build.0 = Release|x64
		{6C79F2F5-1426-4E4D-9529-27735469AE0D}.Release|x64.Deploy.0 = Release|x64
		{6C79F2F5-1426-4E4D-9529-27735469AE0D}.Release|x86.ActiveCfg = Release|x86
		{6C79F2F5-1426-4E4D-9529-27735469AE0D}.Release|x86.Build.0 = Release|x86
		{6C79F2F5-1426-4E4D-9529-27735469AE0D}.Release|x86.Deploy.0 = Release|x86
		{0DE26D23-E2DA-48BD-B4E0-59506C2C8C1F}.Debug|ARM.ActiveCfg = Debug|ARM
		{0DE26D23-E2DA-48BD-B4E0-59506C2C8C1F}.Debug|ARM.Build.0 = Debug|ARM
		{0DE26D23-E2DA-48BD-B4E0-59506C2C8C1F}.Debug|ARM.Deploy.0 = Debug|ARM
		{0DE26D23-E2DA-48BD-B4E0-59506C2C8C1F}.Debug|ARM64.ActiveCfg = Debug|ARM64
		{0DE26D23-E2DA-48BD-B4E0-59506C2C8C1F}.Debug|ARM64.Build.0 = Debug|ARM64
		{0DE26D23-E2DA-48BD-B4E0-59506C2C8C1F}.Debug|ARM64.Deploy.0 = Debug|ARM64
		{0DE26D23-E2DA-48BD-B4E0-59506C2C8C1F}.Debug|x64.ActiveCfg = Debug|x64
		{0DE26D23-E2DA-48BD-B4E0-59506C2C8C1F}.Debug|x64.Build.0 = Debug|x64
		{0DE26D23-E2DA-48BD-B4E0-59506C2C8C1F}.Debug|x64.Deploy.0 = Debug|x64
		{0DE26D23-E2DA-48BD-B4E0-59506C2C8C1F}.Debug|x86.ActiveCfg = Debug|x86
		{0DE26D23-E2DA-48BD-B4E0-59506C2C8C1F}.Debug|x86.Build.0 = Debug|x86
		{0DE26D23-E2DA-48BD-B4E0-59506C2C8C1F}.Debug|x86.Deploy.0 = Debug|x86
		{0DE26D23-E2DA-48BD-B4E0-59506C2C8C1F}.Release|ARM.ActiveCfg = Release|ARM
		{0DE26D23-E2DA-48BD-B4E0-59506C2C8C1F}.Release|ARM.Build.0 = Release|ARM
		{0DE26D23-E2DA-48BD-B4E0-59506C2C8C1F}.Release|ARM.Deploy.0 = Release|ARM
		{0DE26D23-E2DA-48BD-B4E0-59506C2C8C1F}.Release|ARM64.ActiveCfg = Release|ARM64
		{0DE26D23-E2DA-48BD-B4E0-59506C2C8C1F}.Release|ARM64.Build.0 = Release|ARM64
		{0DE26D23-E2DA-48BD-B4E0-59506C2C8C1F}.Release|ARM64.Deploy.0 = Release|ARM64
		{0DE26D23-E2DA-48BD-B4E0-59506C2C8C1F}.Release|x64.ActiveCfg = Release|x64
		{0DE26D23-E2DA-48BD-B4E0-59506C2C8C1F}.Release|x64.Build.0 = Release|x64
		{0DE26D23-E2DA-48BD-B4E0-59506C2C8C1F}.Release|x64.Deploy.0 = Release|x64
		{0DE26D23-E2DA-48BD-B4E0-59506C2C8C1F}.Release|x86.ActiveCfg = Release|x86
		{0DE26D23-E2DA-48BD-B4E0-59506C2C8C1F}.Release|x86.Build.0 = Release|x86
		{0DE26D23-E2DA-48BD-B4E0-59506C2C8C1F}.Release|x86.Deploy.0 = Release|x86
		{C8AB1234-C1FF-40DB-8C60-E1212C6FBDB3}.Debug|ARM.ActiveCfg = Debug|ARM
		{C8AB1234-C1FF-40DB-8C60-E1212C6FBDB3}.Debug|ARM.Build.0 = Debug|ARM
		{C8AB1234-C1FF-40DB-8C60-E1212C6FBDB3}.Debug|ARM.Deploy.0 = Debug|ARM
		{C8AB1234-C1FF-40DB-8C60-E1212C6FBDB3}.Debug|ARM64.ActiveCfg = Debug|ARM64
		{C8AB1234-C1FF-40DB-8C60-E1212C6FBDB3}.Debug|ARM64.Build.0 = Debug|ARM64
		{C8AB1234-C1FF-40DB-8C60-E1212C6FBDB3}.Debug|ARM64.Deploy.0 = Debug|ARM64
		{C8AB1234-C1FF-40DB-8C60-E1212C6FBDB3}.Debug|x64.ActiveCfg = Debug|x64
		{C8AB1234-C1FF-40DB-8C60-E1212C6FBDB3}.Debug|x64.Build.0 = Debug|x64
		{C8AB1234-C1FF-40DB-8C60-E1212C6FBDB3}.Debug|x64.Deploy.0 = Debug|x64
		{C8AB1234-C1FF-40DB-8C60-E1212C6FBDB3}.Debug|x86.ActiveCfg = Debug|x86
		{C8AB1234-C1FF-40DB-8C60-E1212C6FBDB3}.Debug|x86.Build.0 = Debug|x86
		{C8AB1234-C1FF-40DB-8C60-E1212C6FBDB3}.Debug|x86.Deploy.0 = Debug|x86
		{C8AB1234-C1FF-40DB-8C60-E1212C6FBDB3}.Release|ARM.ActiveCfg = Release|ARM
		{C8AB1234-C1FF-40DB-8C60-E1212C6FBDB3}.Release|ARM.Build.0 = Release|ARM
		{C8AB1234-C1FF-40DB-8C60-E1212C6FBDB3}.Release|ARM.Deploy.0 = Release|ARM
		{C8AB1234-C1FF-40DB-8C60-E1212C6FBDB3}.Release|ARM64.ActiveCfg = Release|ARM64
		{C8AB1234-C1FF-40DB-8C60-E1212C6FBDB3}.Release|ARM64.Build.0 = Release|ARM64
		{C8AB1234-C1FF-40DB-8C60-E1212C6FBDB3}.Release|ARM64.Deploy.0 = Release|ARM64
		{C8AB1234-C1FF-40DB-8C60-E1212C6FBDB3}.Release|x64.ActiveCfg = Release|x64
		{C8AB1234-C1FF-40DB-8C60-E1212C6FBDB3}.Release|x64.Build.0 = Release|x64
		{C8AB1234-C1FF-40DB-8C60-E1212C6FBDB3}.Release|x64.Deploy.0 = Release|x64
		{C8AB1234-C1FF-40DB-8C60-E1212C6FBDB3}.Release|x86.ActiveCfg = Release|x86
		{C8AB1234-C1FF-40DB-8C60-E1212C6FBDB3}.Release|x86.Build.0 = Release|x86
		{C8AB1234-C1FF-40DB-8C60-E1212C6FBDB3}.Release|x86.Deploy.0 = Release|x86
		{DDD27ECA-6691-4ADA-8C27-6B9B17469D99}.Debug|ARM.ActiveCfg = Debug|ARM
		{DDD27ECA-6691-4ADA-8C27-6B9B17469D99}.Debug|ARM.Build.0 = Debug|ARM
		{DDD27ECA-6691-4ADA-8C27-6B9B17469D99}.Debug|ARM.Deploy.0 = Debug|ARM
		{DDD27ECA-6691-4ADA-8C27-6B9B17469D99}.Debug|ARM64.ActiveCfg = Debug|ARM64
		{DDD27ECA-6691-4ADA-8C27-6B9B17469D99}.Debug|ARM64.Build.0 = Debug|ARM64
		{DDD27ECA-6691-4ADA-8C27-6B9B17469D99}.Debug|ARM64.Deploy.0 = Debug|ARM64
		{DDD27ECA-6691-4ADA-8C27-6B9B17469D99}.Debug|x64.ActiveCfg = Debug|x64
		{DDD27ECA-6691-4ADA-8C27-6B9B17469D99}.Debug|x64.Build.0 = Debug|x64
		{DDD27ECA-6691-4ADA-8C27-6B9B17469D99}.Debug|x64.Deploy.0 = Debug|x64
		{DDD27ECA-6691-4ADA-8C27-6B9B17469D99}.Debug|x86.ActiveCfg = Debug|x86
		{DDD27ECA-6691-4ADA-8C27-6B9B17469D99}.Debug|x86.Build.0 = Debug|x86
		{DDD27ECA-6691-4ADA-8C27-6B9B17469D99}.Debug|x86.Deploy.0 = Debug|x86
		{DDD27ECA-6691-4ADA-8C27-6B9B17469D99}.Release|ARM.ActiveCfg = Release|ARM
		{DDD27ECA-6691-4ADA-8C27-6B9B17469D99}.Release|ARM.Build.0 = Release|ARM
		{DDD27ECA-6691-4ADA-8C27-6B9B17469D99}.Release|ARM.Deploy.0 = Release|ARM
		{DDD27ECA-6691-4ADA-8C27-6B9B17469D99}.Release|ARM64.ActiveCfg = Release|ARM64
		{DDD27ECA-6691-4ADA-8C27-6B9B17469D99}.Release|ARM64.Build.0 = Release|ARM64
		{DDD27ECA-6691-4ADA-8C27-6B9B17469D99}.Release|ARM64.Deploy.0 = Release|ARM64
		{DDD27ECA-6691-4ADA-8C27-6B9B17469D99}.Release|x64.ActiveCfg = Release|x64
		{DDD27ECA-6691-4ADA-8C27-6B9B17469D99}.Release|x64.Build.0 = Release|x64
		{DDD27ECA-6691-4ADA-8C27-6B9B17469D99}.Release|x64.Deploy.0 = Release|x64
		{DDD27ECA-6691-4ADA-8C27-6B9B17469D99}.Release|x86.ActiveCfg = Release|x86
		{DDD27ECA-6691-4ADA-8C27-6B9B17469D99}.Release|x86.Build.0 = Release|x86
		{DDD27ECA-6691-4ADA-8C27-6B9B17469D99}.Release|x86.Deploy.0 = Release|x86
		{20D5DC1A-E366-4BFA-890E-DB59F1FBECAA}.Debug|ARM.ActiveCfg = Debug|ARM
		{20D5DC1A-E366-4BFA-890E-DB59F1FBECAA}.Debug|ARM.Build.0 = Debug|ARM
		{20D5DC1A-E366-4BFA-890E-DB59F1FBECAA}.Debug|ARM.Deploy.0 = Debug|ARM
		{20D5DC1A-E366-4BFA-890E-DB59F1FBECAA}.Debug|ARM64.ActiveCfg = Debug|ARM64
		{20D5DC1A-E366-4BFA-890E-DB59F1FBECAA}.Debug|ARM64.Build.0 = Debug|ARM64
		{20D5DC1A-E366-4BFA-890E-DB59F1FBECAA}.Debug|ARM64.Deploy.0 = Debug|ARM64
		{20D5DC1A-E366-4BFA-890E-DB59F1FBECAA}.Debug|x64.ActiveCfg = Debug|x64
		{20D5DC1A-E366-4BFA-890E-DB59F1FBECAA}.Debug|x64.Build.0 = Debug|x64
		{20D5DC1A-E366-4BFA-890E-DB59F1FBECAA}.Debug|x64.Deploy.0 = Debug|x64
		{20D5DC1A-E366-4BFA-890E-DB59F1FBECAA}.Debug|x86.ActiveCfg = Debug|x86
		{20D5DC1A-E366-4BFA-890E-DB59F1FBECAA}.Debug|x86.Build.0 = Debug|x86
		{20D5DC1A-E366-4BFA-890E-DB59F1FBECAA}.Debug|x86.Deploy.0 = Debug|x86
		{20D5DC1A-E366-4BFA-890E-DB59F1FBECAA}.Release|ARM.ActiveCfg = Release|ARM
		{20D5DC1A-E366-4BFA-890E-DB59F1FBECAA}.Release|ARM.Build.0 = Release|ARM
		{20D5DC1A-E366-4BFA-890E-DB59F1FBECAA}.Release|ARM.Deploy.0 = Release|ARM
		{20D5DC1A-E366-4BFA-890E-DB59F1FBECAA}.Release|ARM64.ActiveCfg = Release|ARM64
		{20D5DC1A-E366-4BFA-890E-DB59F1FBECAA}.Release|ARM64.Build.0 = Release|ARM64
		{20D5DC1A-E366-4BFA-890E-DB59F1FBECAA}.Release|ARM64.Deploy.0 = Release|ARM64
		{20D5DC1A-E366-4BFA-890E-DB59F1FBECAA}.Release|x64.ActiveCfg = Release|x64
		{20D5DC1A-E366-4BFA-890E-DB59F1FBECAA}.Release|x64.Build.0 = Release|x64
		{20D5DC1A-E366-4BFA-890E-DB59F1FBECAA}.Release|x64.Deploy.0 = Release|x64
		{20D5DC1A-E366-4BFA-890E-DB59F1FBECAA}.Release|x86.ActiveCfg = Release|x86
		{20D5DC1A-E366-4BFA-890E-DB59F1FBECAA}.Release|x86.Build.0 = Release|x86
		{20D5DC1A-E366-4BFA-890E-DB59F1FBECAA}.Release|x86.Deploy.0 = Release|x86
	EndGlobalSection
	GlobalSection(SolutionProperties) = preSolution
		HideSolutionNode = FALSE
	EndGlobalSection
	GlobalSection(ExtensibilityGlobals) = postSolution
		SolutionGuid = {53B76A07-4A5F-4402-829B-1587E011C04C}
	EndGlobalSection
EndGlobal
