<?xml version="1.0" encoding="utf-8"?>
<Project ToolsVersion="4.0" xmlns="http://schemas.microsoft.com/developer/msbuild/2003">
  <ItemGroup>
    <ClCompile Include="..\..\src\exportadmf.cpp" />
  </ItemGroup>
  <ItemGroup>
    <ClInclude Include="..\..\src\exportadmf.h" />
    <ClInclude Include="..\..\src\3rd\rapidjson\allocators.h">
      <Filter>3rd\rapidjson</Filter>
    </ClInclude>
    <ClInclude Include="..\..\src\3rd\rapidjson\document.h">
      <Filter>3rd\rapidjson</Filter>
    </ClInclude>
    <ClInclude Include="..\..\src\3rd\rapidjson\encodedstream.h">
      <Filter>3rd\rapidjson</Filter>
    </ClInclude>
    <ClInclude Include="..\..\src\3rd\rapidjson\encodings.h">
      <Filter>3rd\rapidjson</Filter>
    </ClInclude>
    <ClInclude Include="..\..\src\3rd\rapidjson\error\en.h">
      <Filter>3rd\rapidjson</Filter>
    </ClInclude>
    <ClInclude Include="..\..\src\3rd\rapidjson\error\error.h">
      <Filter>3rd\rapidjson</Filter>
    </ClInclude>
    <ClInclude Include="..\..\src\3rd\rapidjson\filereadstream.h">
      <Filter>3rd\rapidjson</Filter>
    </ClInclude>
    <ClInclude Include="..\..\src\3rd\rapidjson\filewritestream.h">
      <Filter>3rd\rapidjson</Filter>
    </ClInclude>
    <ClInclude Include="..\..\src\3rd\rapidjson\fwd.h">
      <Filter>3rd\rapidjson</Filter>
    </ClInclude>
    <ClInclude Include="..\..\src\3rd\rapidjson\internal\biginteger.h">
      <Filter>3rd\rapidjson</Filter>
    </ClInclude>
    <ClInclude Include="..\..\src\3rd\rapidjson\internal\diyfp.h">
      <Filter>3rd\rapidjson</Filter>
    </ClInclude>
    <ClInclude Include="..\..\src\3rd\rapidjson\internal\dtoa.h">
      <Filter>3rd\rapidjson</Filter>
    </ClInclude>
    <ClInclude Include="..\..\src\3rd\rapidjson\internal\ieee754.h">
      <Filter>3rd\rapidjson</Filter>
    </ClInclude>
    <ClInclude Include="..\..\src\3rd\rapidjson\internal\itoa.h">
      <Filter>3rd\rapidjson</Filter>
    </ClInclude>
    <ClInclude Include="..\..\src\3rd\rapidjson\internal\meta.h">
      <Filter>3rd\rapidjson</Filter>
    </ClInclude>
    <ClInclude Include="..\..\src\3rd\rapidjson\internal\pow10.h">
      <Filter>3rd\rapidjson</Filter>
    </ClInclude>
    <ClInclude Include="..\..\src\3rd\rapidjson\internal\regex.h">
      <Filter>3rd\rapidjson</Filter>
    </ClInclude>
    <ClInclude Include="..\..\src\3rd\rapidjson\internal\stack.h">
      <Filter>3rd\rapidjson</Filter>
    </ClInclude>
    <ClInclude Include="..\..\src\3rd\rapidjson\internal\strfunc.h">
      <Filter>3rd\rapidjson</Filter>
    </ClInclude>
    <ClInclude Include="..\..\src\3rd\rapidjson\internal\strtod.h">
      <Filter>3rd\rapidjson</Filter>
    </ClInclude>
    <ClInclude Include="..\..\src\3rd\rapidjson\internal\swap.h">
      <Filter>3rd\rapidjson</Filter>
    </ClInclude>
    <ClInclude Include="..\..\src\3rd\rapidjson\istreamwrapper.h">
      <Filter>3rd\rapidjson</Filter>
    </ClInclude>
    <ClInclude Include="..\..\src\3rd\rapidjson\memorybuffer.h">
      <Filter>3rd\rapidjson</Filter>
    </ClInclude>
    <ClInclude Include="..\..\src\3rd\rapidjson\memorystream.h">
      <Filter>3rd\rapidjson</Filter>
    </ClInclude>
    <ClInclude Include="..\..\src\3rd\rapidjson\msinttypes\inttypes.h">
      <Filter>3rd\rapidjson</Filter>
    </ClInclude>
    <ClInclude Include="..\..\src\3rd\rapidjson\msinttypes\stdint.h">
      <Filter>3rd\rapidjson</Filter>
    </ClInclude>
    <ClInclude Include="..\..\src\3rd\rapidjson\ostreamwrapper.h">
      <Filter>3rd\rapidjson</Filter>
    </ClInclude>
    <ClInclude Include="..\..\src\3rd\rapidjson\pointer.h">
      <Filter>3rd\rapidjson</Filter>
    </ClInclude>
    <ClInclude Include="..\..\src\3rd\rapidjson\prettywriter.h">
      <Filter>3rd\rapidjson</Filter>
    </ClInclude>
    <ClInclude Include="..\..\src\3rd\rapidjson\rapidjson.h">
      <Filter>3rd\rapidjson</Filter>
    </ClInclude>
    <ClInclude Include="..\..\src\3rd\rapidjson\reader.h">
      <Filter>3rd\rapidjson</Filter>
    </ClInclude>
    <ClInclude Include="..\..\src\3rd\rapidjson\schema.h">
      <Filter>3rd\rapidjson</Filter>
    </ClInclude>
    <ClInclude Include="..\..\src\3rd\rapidjson\stream.h">
      <Filter>3rd\rapidjson</Filter>
    </ClInclude>
    <ClInclude Include="..\..\src\3rd\rapidjson\stringbuffer.h">
      <Filter>3rd\rapidjson</Filter>
    </ClInclude>
    <ClInclude Include="..\..\src\3rd\rapidjson\writer.h">
      <Filter>3rd\rapidjson</Filter>
    </ClInclude>
  </ItemGroup>
  <ItemGroup>
    <Filter Include="3rd">
      <UniqueIdentifier>{4af3e806-9cfa-4ef2-bfe5-d18ca2ae6895}</UniqueIdentifier>
    </Filter>
    <Filter Include="3rd\rapidjson">
      <UniqueIdentifier>{17f87523-02f4-428f-b6c6-e991f15e8105}</UniqueIdentifier>
    </Filter>
  </ItemGroup>
</Project>