<?xml version="1.0" encoding="utf-8"?>
<Project ToolsVersion="4.0" xmlns="http://schemas.microsoft.com/developer/msbuild/2003">
  <ItemGroup>
    <ClCompile Include="..\..\src\4ddat_to_admf.cpp">
      <Filter>src</Filter>
    </ClCompile>
    <ClCompile Include="..\..\..\3rd\lz4\lz4.c">
      <Filter>src\3rd\lz4</Filter>
    </ClCompile>
    <ClCompile Include="..\..\..\3rd\lz4\lz4frame.c">
      <Filter>src\3rd\lz4</Filter>
    </ClCompile>
    <ClCompile Include="..\..\..\3rd\lz4\lz4hc.c">
      <Filter>src\3rd\lz4</Filter>
    </ClCompile>
    <ClCompile Include="..\..\..\3rd\lz4\xxhash.c">
      <Filter>src\3rd\lz4</Filter>
    </ClCompile>
    <ClCompile Include="..\..\src\datestring_to_int.cpp">
      <Filter>src</Filter>
    </ClCompile>
    <ClCompile Include="..\..\src\xtex_to_admf.cpp">
      <Filter>src</Filter>
    </ClCompile>
  </ItemGroup>
  <ItemGroup>
    <Filter Include="src">
      <UniqueIdentifier>{1838dea1-4285-4a5b-8fa7-100ca225847e}</UniqueIdentifier>
    </Filter>
    <Filter Include="src\3rd">
      <UniqueIdentifier>{ec052124-48bc-4958-acbd-9678cd98ccd4}</UniqueIdentifier>
    </Filter>
    <Filter Include="src\3rd\lz4">
      <UniqueIdentifier>{07dd9e14-e982-49b9-b68b-42eae876ab8a}</UniqueIdentifier>
    </Filter>
    <Filter Include="src\3rd\FreeImage">
      <UniqueIdentifier>{8dcacdcc-5e97-4002-b1bd-0a7fcd0411f3}</UniqueIdentifier>
    </Filter>
    <Filter Include="src\3rd\FreeImage\lib">
      <UniqueIdentifier>{2ac3e961-af19-48ec-8be1-07d529ab5745}</UniqueIdentifier>
    </Filter>
    <Filter Include="src\3rd\ctpl">
      <UniqueIdentifier>{31c9f07b-943b-4123-85db-54474aad11d0}</UniqueIdentifier>
    </Filter>
    <Filter Include="src\3rd\rapidxml">
      <UniqueIdentifier>{97c0fe2c-ed29-4d33-be98-0cc17ffef6e9}</UniqueIdentifier>
    </Filter>
  </ItemGroup>
  <ItemGroup>
    <ClInclude Include="..\..\src\4ddat_to_admf.hpp">
      <Filter>src</Filter>
    </ClInclude>
    <ClInclude Include="..\..\..\3rd\FreeImage\FreeImage.h">
      <Filter>src\3rd\FreeImage</Filter>
    </ClInclude>
    <ClInclude Include="..\..\..\3rd\lz4\lz4.h">
      <Filter>src\3rd\lz4</Filter>
    </ClInclude>
    <ClInclude Include="..\..\..\3rd\lz4\lz4frame.h">
      <Filter>src\3rd\lz4</Filter>
    </ClInclude>
    <ClInclude Include="..\..\..\3rd\lz4\lz4frame_static.h">
      <Filter>src\3rd\lz4</Filter>
    </ClInclude>
    <ClInclude Include="..\..\..\3rd\lz4\lz4hc.h">
      <Filter>src\3rd\lz4</Filter>
    </ClInclude>
    <ClInclude Include="..\..\..\3rd\lz4\xxhash.h">
      <Filter>src\3rd\lz4</Filter>
    </ClInclude>
    <ClInclude Include="..\..\..\3rd\ctpl\ctpl_stl.h">
      <Filter>src\3rd\ctpl</Filter>
    </ClInclude>
    <ClInclude Include="..\..\src\datestring_to_int.hpp">
      <Filter>src</Filter>
    </ClInclude>
    <ClInclude Include="..\..\src\xtex_to_admf.hpp">
      <Filter>src</Filter>
    </ClInclude>
    <ClInclude Include="..\..\..\3rd\rapidxml\rapidxml.hpp">
      <Filter>src\3rd\rapidxml</Filter>
    </ClInclude>
    <ClInclude Include="..\..\..\3rd\rapidxml\rapidxml_iterators.hpp">
      <Filter>src\3rd\rapidxml</Filter>
    </ClInclude>
    <ClInclude Include="..\..\..\3rd\rapidxml\rapidxml_print.hpp">
      <Filter>src\3rd\rapidxml</Filter>
    </ClInclude>
    <ClInclude Include="..\..\..\3rd\rapidxml\rapidxml_utils.hpp">
      <Filter>src\3rd\rapidxml</Filter>
    </ClInclude>
  </ItemGroup>
  <ItemGroup>
    <Library Include="..\..\..\3rd\FreeImage\lib\linux\libFreeImage_linux.a">
      <Filter>src\3rd\FreeImage\lib</Filter>
    </Library>
    <Library Include="..\..\..\3rd\FreeImage\lib\linux\libJPEG_linux.a">
      <Filter>src\3rd\FreeImage\lib</Filter>
    </Library>
    <Library Include="..\..\..\3rd\FreeImage\lib\linux\libJXR_linux.a">
      <Filter>src\3rd\FreeImage\lib</Filter>
    </Library>
    <Library Include="..\..\..\3rd\FreeImage\lib\linux\libOpenEXR_linux.a">
      <Filter>src\3rd\FreeImage\lib</Filter>
    </Library>
    <Library Include="..\..\..\3rd\FreeImage\lib\linux\libOpenJPEG_linux.a">
      <Filter>src\3rd\FreeImage\lib</Filter>
    </Library>
    <Library Include="..\..\..\3rd\FreeImage\lib\linux\libPNG_linux.a">
      <Filter>src\3rd\FreeImage\lib</Filter>
    </Library>
    <Library Include="..\..\..\3rd\FreeImage\lib\linux\libRawLite_linux.a">
      <Filter>src\3rd\FreeImage\lib</Filter>
    </Library>
    <Library Include="..\..\..\3rd\FreeImage\lib\linux\libTIFF_linux.a">
      <Filter>src\3rd\FreeImage\lib</Filter>
    </Library>
    <Library Include="..\..\..\3rd\FreeImage\lib\linux\libWebP_linux.a">
      <Filter>src\3rd\FreeImage\lib</Filter>
    </Library>
    <Library Include="..\..\..\3rd\FreeImage\lib\linux\libZlib_linux.a">
      <Filter>src\3rd\FreeImage\lib</Filter>
    </Library>
  </ItemGroup>
</Project>